
Microsoft Visual Studio Solution File, Format Version 12.00
# Visual Studio Version 17
VisualStudioVersion = 17.0.31903.59
MinimumVisualStudioVersion = 10.0.40219.1
Project("{FAE04EC0-301F-11D3-BF4B-00C04F79EFBC}") = "Domain", "Domain\Domain.csproj", "{F22CC499-CB84-4B5F-8F97-34B7593DFCD3}"
EndProject
Project("{FAE04EC0-301F-11D3-BF4B-00C04F79EFBC}") = "Infrastructure", "Infrastructure\Infrastructure.csproj", "{7255E90A-CD26-43DB-9E75-73B3A038881F}"
EndProject
Project("{FAE04EC0-301F-11D3-BF4B-00C04F79EFBC}") = "WebApi", "WebApi\WebApi.csproj", "{C5D965F0-2E34-4B79-A9D5-4AD4704A0AAF}"
EndProject
Global
	GlobalSection(SolutionConfigurationPlatforms) = preSolution
		Debug|Any CPU = Debug|Any CPU
		Release|Any CPU = Release|Any CPU
	EndGlobalSection
	GlobalSection(SolutionProperties) = preSolution
		HideSolutionNode = FALSE
	EndGlobalSection
	GlobalSection(ProjectConfigurationPlatforms) = postSolution
		{F22CC499-CB84-4B5F-8F97-34B7593DFCD3}.Debug|Any CPU.ActiveCfg = Debug|Any CPU
		{F22CC499-CB84-4B5F-8F97-34B7593DFCD3}.Debug|Any CPU.Build.0 = Debug|Any CPU
		{F22CC499-CB84-4B5F-8F97-34B7593DFCD3}.Release|Any CPU.ActiveCfg = Release|Any CPU
		{F22CC499-CB84-4B5F-8F97-34B7593DFCD3}.Release|Any CPU.Build.0 = Release|Any CPU
		{7255E90A-CD26-43DB-9E75-73B3A038881F}.Debug|Any CPU.ActiveCfg = Debug|Any CPU
		{7255E90A-CD26-43DB-9E75-73B3A038881F}.Debug|Any CPU.Build.0 = Debug|Any CPU
		{7255E90A-CD26-43DB-9E75-73B3A038881F}.Release|Any CPU.ActiveCfg = Release|Any CPU
		{7255E90A-CD26-43DB-9E75-73B3A038881F}.Release|Any CPU.Build.0 = Release|Any CPU
		{C5D965F0-2E34-4B79-A9D5-4AD4704A0AAF}.Debug|Any CPU.ActiveCfg = Debug|Any CPU
		{C5D965F0-2E34-4B79-A9D5-4AD4704A0AAF}.Debug|Any CPU.Build.0 = Debug|Any CPU
		{C5D965F0-2E34-4B79-A9D5-4AD4704A0AAF}.Release|Any CPU.ActiveCfg = Release|Any CPU
		{C5D965F0-2E34-4B79-A9D5-4AD4704A0AAF}.Release|Any CPU.Build.0 = Release|Any CPU
	EndGlobalSection
EndGlobal
